// !$*UTF8*$!
{
	archiveVersion = 1;
	classes = {
	};
	objectVersion = 48;
	objects = {

/* Begin PBXBuildFile section */
		0156EAD72056AF37001DB206 /* ViewController.m in Sources */ = {isa = PBXBuildFile; fileRef = 0156EAD52056AF37001DB206 /* ViewController.m */; };
		0156EADD2056AF86001DB206 /* Target_A.m in Sources */ = {isa = PBXBuildFile; fileRef = 0156EADC2056AF86001DB206 /* Target_A.m */; };
		5138861220440CC100446703 /* NetManager.m in Sources */ = {isa = PBXBuildFile; fileRef = 5138860C20440CC100446703 /* NetManager.m */; };
		5138861420440CC100446703 /* NetRequest.m in Sources */ = {isa = PBXBuildFile; fileRef = 5138861120440CC100446703 /* NetRequest.m */; };
		513886172056598100446703 /* ModuleManager.m in Sources */ = {isa = PBXBuildFile; fileRef = 513886162056598100446703 /* ModuleManager.m */; };
		5138861B2056815B00446703 /* ModuleManager+mainTab.m in Sources */ = {isa = PBXBuildFile; fileRef = 5138861A2056815B00446703 /* ModuleManager+mainTab.m */; };
		5138862120592BC100446703 /* NSMutableDictionary+Hook.m in Sources */ = {isa = PBXBuildFile; fileRef = 5138862020592BC100446703 /* NSMutableDictionary+Hook.m */; };
		5172D8602041592C00E5E981 /* ViewController.m in Sources */ = {isa = PBXBuildFile; fileRef = 5172D85D2041592C00E5E981 /* ViewController.m */; };
		5172D86920415B9900E5E981 /* OneAdaptor.m in Sources */ = {isa = PBXBuildFile; fileRef = 5172D86820415B9900E5E981 /* OneAdaptor.m */; };
		51ACFB602027FB390098BCAC /* AppDelegate.m in Sources */ = {isa = PBXBuildFile; fileRef = 51ACFB5F2027FB390098BCAC /* AppDelegate.m */; };
		51ACFB682027FB390098BCAC /* Assets.xcassets in Resources */ = {isa = PBXBuildFile; fileRef = 51ACFB672027FB390098BCAC /* Assets.xcassets */; };
		51ACFB6B2027FB390098BCAC /* LaunchScreen.storyboard in Resources */ = {isa = PBXBuildFile; fileRef = 51ACFB692027FB390098BCAC /* LaunchScreen.storyboard */; };
		51ACFB6E2027FB390098BCAC /* main.m in Sources */ = {isa = PBXBuildFile; fileRef = 51ACFB6D2027FB390098BCAC /* main.m */; };
		51ACFB782027FB390098BCAC /* testTests.m in Sources */ = {isa = PBXBuildFile; fileRef = 51ACFB772027FB390098BCAC /* testTests.m */; };
		51ACFB832027FB390098BCAC /* testUITests.m in Sources */ = {isa = PBXBuildFile; fileRef = 51ACFB822027FB390098BCAC /* testUITests.m */; };
		51ACFBA0202805DE0098BCAC /* UIViewController+Hook.m in Sources */ = {isa = PBXBuildFile; fileRef = 51ACFB9E202805DE0098BCAC /* UIViewController+Hook.m */; };
		51ACFBAE202806E60098BCAC /* UINavigationController+Hook.m in Sources */ = {isa = PBXBuildFile; fileRef = 51ACFBAD202806E60098BCAC /* UINavigationController+Hook.m */; };
		51ACFBB12028070E0098BCAC /* UITabBarController+Hook.m in Sources */ = {isa = PBXBuildFile; fileRef = 51ACFBB02028070E0098BCAC /* UITabBarController+Hook.m */; };
/* End PBXBuildFile section */

/* Begin PBXContainerItemProxy section */
		51ACFB742027FB390098BCAC /* PBXContainerItemProxy */ = {
			isa = PBXContainerItemProxy;
			containerPortal = 51ACFB532027FB390098BCAC /* Project object */;
			proxyType = 1;
			remoteGlobalIDString = 51ACFB5A2027FB390098BCAC;
			remoteInfo = test;
		};
		51ACFB7F2027FB390098BCAC /* PBXContainerItemProxy */ = {
			isa = PBXContainerItemProxy;
			containerPortal = 51ACFB532027FB390098BCAC /* Project object */;
			proxyType = 1;
			remoteGlobalIDString = 51ACFB5A2027FB390098BCAC;
			remoteInfo = test;
		};
/* End PBXContainerItemProxy section */

/* Begin PBXFileReference section */
		0156EAD52056AF37001DB206 /* ViewController.m */ = {isa = PBXFileReference; fileEncoding = 4; lastKnownFileType = sourcecode.c.objc; path = ViewController.m; sourceTree = "<group>"; };
		0156EAD62056AF37001DB206 /* ViewController.h */ = {isa = PBXFileReference; fileEncoding = 4; lastKnownFileType = sourcecode.c.h; path = ViewController.h; sourceTree = "<group>"; };
		0156EADB2056AF86001DB206 /* Target_A.h */ = {isa = PBXFileReference; lastKnownFileType = sourcecode.c.h; path = Target_A.h; sourceTree = "<group>"; };
		0156EADC2056AF86001DB206 /* Target_A.m */ = {isa = PBXFileReference; lastKnownFileType = sourcecode.c.objc; path = Target_A.m; sourceTree = "<group>"; };
		5138860C20440CC100446703 /* NetManager.m */ = {isa = PBXFileReference; fileEncoding = 4; lastKnownFileType = sourcecode.c.objc; path = NetManager.m; sourceTree = "<group>"; };
		5138860E20440CC100446703 /* NetRequest.h */ = {isa = PBXFileReference; fileEncoding = 4; lastKnownFileType = sourcecode.c.h; path = NetRequest.h; sourceTree = "<group>"; };
		5138860F20440CC100446703 /* NetManager.h */ = {isa = PBXFileReference; fileEncoding = 4; lastKnownFileType = sourcecode.c.h; path = NetManager.h; sourceTree = "<group>"; };
		5138861120440CC100446703 /* NetRequest.m */ = {isa = PBXFileReference; fileEncoding = 4; lastKnownFileType = sourcecode.c.objc; path = NetRequest.m; sourceTree = "<group>"; };
		513886152056598100446703 /* ModuleManager.h */ = {isa = PBXFileReference; lastKnownFileType = sourcecode.c.h; path = ModuleManager.h; sourceTree = "<group>"; };
		513886162056598100446703 /* ModuleManager.m */ = {isa = PBXFileReference; lastKnownFileType = sourcecode.c.objc; path = ModuleManager.m; sourceTree = "<group>"; };
		513886192056815B00446703 /* ModuleManager+mainTab.h */ = {isa = PBXFileReference; lastKnownFileType = sourcecode.c.h; path = "ModuleManager+mainTab.h"; sourceTree = "<group>"; };
		5138861A2056815B00446703 /* ModuleManager+mainTab.m */ = {isa = PBXFileReference; lastKnownFileType = sourcecode.c.objc; path = "ModuleManager+mainTab.m"; sourceTree = "<group>"; };
		5138861F20592BC100446703 /* NSMutableDictionary+Hook.h */ = {isa = PBXFileReference; lastKnownFileType = sourcecode.c.h; path = "NSMutableDictionary+Hook.h"; sourceTree = "<group>"; };
		5138862020592BC100446703 /* NSMutableDictionary+Hook.m */ = {isa = PBXFileReference; lastKnownFileType = sourcecode.c.objc; path = "NSMutableDictionary+Hook.m"; sourceTree = "<group>"; };
		5172D85D2041592C00E5E981 /* ViewController.m */ = {isa = PBXFileReference; fileEncoding = 4; lastKnownFileType = sourcecode.c.objc; path = ViewController.m; sourceTree = "<group>"; };
		5172D85E2041592C00E5E981 /* ViewController.h */ = {isa = PBXFileReference; fileEncoding = 4; lastKnownFileType = sourcecode.c.h; path = ViewController.h; sourceTree = "<group>"; };
		5172D86720415B9900E5E981 /* OneAdaptor.h */ = {isa = PBXFileReference; lastKnownFileType = sourcecode.c.h; path = OneAdaptor.h; sourceTree = "<group>"; };
		5172D86820415B9900E5E981 /* OneAdaptor.m */ = {isa = PBXFileReference; lastKnownFileType = sourcecode.c.objc; path = OneAdaptor.m; sourceTree = "<group>"; };
		51ACFB5B2027FB390098BCAC /* test.app */ = {isa = PBXFileReference; explicitFileType = wrapper.application; includeInIndex = 0; path = test.app; sourceTree = BUILT_PRODUCTS_DIR; };
		51ACFB5E2027FB390098BCAC /* AppDelegate.h */ = {isa = PBXFileReference; lastKnownFileType = sourcecode.c.h; path = AppDelegate.h; sourceTree = "<group>"; };
		51ACFB5F2027FB390098BCAC /* AppDelegate.m */ = {isa = PBXFileReference; lastKnownFileType = sourcecode.c.objc; path = AppDelegate.m; sourceTree = "<group>"; };
		51ACFB672027FB390098BCAC /* Assets.xcassets */ = {isa = PBXFileReference; lastKnownFileType = folder.assetcatalog; path = Assets.xcassets; sourceTree = "<group>"; };
		51ACFB6A2027FB390098BCAC /* Base */ = {isa = PBXFileReference; lastKnownFileType = file.storyboard; name = Base; path = Base.lproj/LaunchScreen.storyboard; sourceTree = "<group>"; };
		51ACFB6C2027FB390098BCAC /* Info.plist */ = {isa = PBXFileReference; lastKnownFileType = text.plist.xml; path = Info.plist; sourceTree = "<group>"; };
		51ACFB6D2027FB390098BCAC /* main.m */ = {isa = PBXFileReference; lastKnownFileType = sourcecode.c.objc; path = main.m; sourceTree = "<group>"; };
		51ACFB732027FB390098BCAC /* testTests.xctest */ = {isa = PBXFileReference; explicitFileType = wrapper.cfbundle; includeInIndex = 0; path = testTests.xctest; sourceTree = BUILT_PRODUCTS_DIR; };
		51ACFB772027FB390098BCAC /* testTests.m */ = {isa = PBXFileReference; lastKnownFileType = sourcecode.c.objc; path = testTests.m; sourceTree = "<group>"; };
		51ACFB792027FB390098BCAC /* Info.plist */ = {isa = PBXFileReference; lastKnownFileType = text.plist.xml; path = Info.plist; sourceTree = "<group>"; };
		51ACFB7E2027FB390098BCAC /* testUITests.xctest */ = {isa = PBXFileReference; explicitFileType = wrapper.cfbundle; includeInIndex = 0; path = testUITests.xctest; sourceTree = BUILT_PRODUCTS_DIR; };
		51ACFB822027FB390098BCAC /* testUITests.m */ = {isa = PBXFileReference; lastKnownFileType = sourcecode.c.objc; path = testUITests.m; sourceTree = "<group>"; };
		51ACFB842027FB390098BCAC /* Info.plist */ = {isa = PBXFileReference; lastKnownFileType = text.plist.xml; path = Info.plist; sourceTree = "<group>"; };
		51ACFB99202802590098BCAC /* PrefixHeader.pch */ = {isa = PBXFileReference; lastKnownFileType = sourcecode.c.h; path = PrefixHeader.pch; sourceTree = "<group>"; };
		51ACFB9E202805DE0098BCAC /* UIViewController+Hook.m */ = {isa = PBXFileReference; fileEncoding = 4; lastKnownFileType = sourcecode.c.objc; path = "UIViewController+Hook.m"; sourceTree = "<group>"; };
		51ACFB9F202805DE0098BCAC /* UIViewController+Hook.h */ = {isa = PBXFileReference; fileEncoding = 4; lastKnownFileType = sourcecode.c.h; path = "UIViewController+Hook.h"; sourceTree = "<group>"; };
		51ACFBAC202806E60098BCAC /* UINavigationController+Hook.h */ = {isa = PBXFileReference; lastKnownFileType = sourcecode.c.h; path = "UINavigationController+Hook.h"; sourceTree = "<group>"; };
		51ACFBAD202806E60098BCAC /* UINavigationController+Hook.m */ = {isa = PBXFileReference; lastKnownFileType = sourcecode.c.objc; path = "UINavigationController+Hook.m"; sourceTree = "<group>"; };
		51ACFBAF2028070E0098BCAC /* UITabBarController+Hook.h */ = {isa = PBXFileReference; lastKnownFileType = sourcecode.c.h; path = "UITabBarController+Hook.h"; sourceTree = "<group>"; };
		51ACFBB02028070E0098BCAC /* UITabBarController+Hook.m */ = {isa = PBXFileReference; lastKnownFileType = sourcecode.c.objc; path = "UITabBarController+Hook.m"; sourceTree = "<group>"; };
		51ACFBB2202808EC0098BCAC /* Theme.h */ = {isa = PBXFileReference; lastKnownFileType = sourcecode.c.h; path = Theme.h; sourceTree = "<group>"; };
		51ACFBB3202809270098BCAC /* Skins.h */ = {isa = PBXFileReference; lastKnownFileType = sourcecode.c.h; path = Skins.h; sourceTree = "<group>"; };
/* End PBXFileReference section */

/* Begin PBXFrameworksBuildPhase section */
		51ACFB582027FB390098BCAC /* Frameworks */ = {
			isa = PBXFrameworksBuildPhase;
			buildActionMask = 2147483647;
			files = (
			);
			runOnlyForDeploymentPostprocessing = 0;
		};
		51ACFB702027FB390098BCAC /* Frameworks */ = {
			isa = PBXFrameworksBuildPhase;
			buildActionMask = 2147483647;
			files = (
			);
			runOnlyForDeploymentPostprocessing = 0;
		};
		51ACFB7B2027FB390098BCAC /* Frameworks */ = {
			isa = PBXFrameworksBuildPhase;
			buildActionMask = 2147483647;
			files = (
			);
			runOnlyForDeploymentPostprocessing = 0;
		};
/* End PBXFrameworksBuildPhase section */

/* Begin PBXGroup section */
		0156EAD42056AF37001DB206 /* Controller */ = {
			isa = PBXGroup;
			children = (
				0156EAD52056AF37001DB206 /* ViewController.m */,
				0156EAD62056AF37001DB206 /* ViewController.h */,
			);
			path = Controller;
			sourceTree = "<group>";
		};
		0156EAD82056AF5D001DB206 /* View */ = {
			isa = PBXGroup;
			children = (
			);
			path = View;
			sourceTree = "<group>";
		};
		0156EAD92056AF5D001DB206 /* Actions */ = {
			isa = PBXGroup;
			children = (
				0156EADB2056AF86001DB206 /* Target_A.h */,
				0156EADC2056AF86001DB206 /* Target_A.m */,
			);
			path = Actions;
			sourceTree = "<group>";
		};
		0156EADA2056AF5D001DB206 /* ViewModel */ = {
			isa = PBXGroup;
			children = (
			);
			path = ViewModel;
			sourceTree = "<group>";
		};
		5138860A20440CC100446703 /* LongConnect */ = {
			isa = PBXGroup;
			children = (
			);
			path = LongConnect;
			sourceTree = "<group>";
		};
		5138860B20440CC100446703 /* ShortConnect */ = {
			isa = PBXGroup;
			children = (
				5138860F20440CC100446703 /* NetManager.h */,
				5138860C20440CC100446703 /* NetManager.m */,
				5138860E20440CC100446703 /* NetRequest.h */,
				5138861120440CC100446703 /* NetRequest.m */,
			);
			path = ShortConnect;
			sourceTree = "<group>";
		};
		5172D86120415A3800E5E981 /* Adaptor */ = {
			isa = PBXGroup;
			children = (
				5172D86720415B9900E5E981 /* OneAdaptor.h */,
				5172D86820415B9900E5E981 /* OneAdaptor.m */,
			);
			path = Adaptor;
			sourceTree = "<group>";
		};
		5193F9382041055B003709BA /* Net */ = {
			isa = PBXGroup;
			children = (
				5138860A20440CC100446703 /* LongConnect */,
				5138860B20440CC100446703 /* ShortConnect */,
			);
			path = Net;
			sourceTree = "<group>";
		};
		51ACFB522027FB390098BCAC = {
			isa = PBXGroup;
			children = (
				51ACFB5D2027FB390098BCAC /* test */,
				51ACFB762027FB390098BCAC /* testTests */,
				51ACFB812027FB390098BCAC /* testUITests */,
				51ACFB5C2027FB390098BCAC /* Products */,
			);
			sourceTree = "<group>";
		};
		51ACFB5C2027FB390098BCAC /* Products */ = {
			isa = PBXGroup;
			children = (
				51ACFB5B2027FB390098BCAC /* test.app */,
				51ACFB732027FB390098BCAC /* testTests.xctest */,
				51ACFB7E2027FB390098BCAC /* testUITests.xctest */,
			);
			name = Products;
			sourceTree = "<group>";
		};
		51ACFB5D2027FB390098BCAC /* test */ = {
			isa = PBXGroup;
			children = (
				51ACFB952028012E0098BCAC /* Config */,
				51ACFBA32028067A0098BCAC /* Module */,
				51ACFB5E2027FB390098BCAC /* AppDelegate.h */,
				51ACFB5F2027FB390098BCAC /* AppDelegate.m */,
				51ACFB672027FB390098BCAC /* Assets.xcassets */,
				51ACFB692027FB390098BCAC /* LaunchScreen.storyboard */,
				51ACFB6C2027FB390098BCAC /* Info.plist */,
				51ACFB6D2027FB390098BCAC /* main.m */,
				51ACFB99202802590098BCAC /* PrefixHeader.pch */,
			);
			path = test;
			sourceTree = "<group>";
		};
		51ACFB762027FB390098BCAC /* testTests */ = {
			isa = PBXGroup;
			children = (
				51ACFB772027FB390098BCAC /* testTests.m */,
				51ACFB792027FB390098BCAC /* Info.plist */,
			);
			path = testTests;
			sourceTree = "<group>";
		};
		51ACFB812027FB390098BCAC /* testUITests */ = {
			isa = PBXGroup;
			children = (
				51ACFB822027FB390098BCAC /* testUITests.m */,
				51ACFB842027FB390098BCAC /* Info.plist */,
			);
			path = testUITests;
			sourceTree = "<group>";
		};
		51ACFB952028012E0098BCAC /* Config */ = {
			isa = PBXGroup;
			children = (
				51ACFBA12028064B0098BCAC /* Global */,
				51ACFBA22028064B0098BCAC /* Macros */,
				51ACFB9D202805DE0098BCAC /* Hook */,
			);
			path = Config;
			sourceTree = "<group>";
		};
		51ACFB9D202805DE0098BCAC /* Hook */ = {
			isa = PBXGroup;
			children = (
				51ACFB9F202805DE0098BCAC /* UIViewController+Hook.h */,
				51ACFB9E202805DE0098BCAC /* UIViewController+Hook.m */,
				51ACFBAC202806E60098BCAC /* UINavigationController+Hook.h */,
				51ACFBAD202806E60098BCAC /* UINavigationController+Hook.m */,
				51ACFBAF2028070E0098BCAC /* UITabBarController+Hook.h */,
				51ACFBB02028070E0098BCAC /* UITabBarController+Hook.m */,
				5138861F20592BC100446703 /* NSMutableDictionary+Hook.h */,
				5138862020592BC100446703 /* NSMutableDictionary+Hook.m */,
			);
			path = Hook;
			sourceTree = "<group>";
		};
		51ACFBA12028064B0098BCAC /* Global */ = {
			isa = PBXGroup;
			children = (
			);
			path = Global;
			sourceTree = "<group>";
		};
		51ACFBA22028064B0098BCAC /* Macros */ = {
			isa = PBXGroup;
			children = (
				51ACFBB2202808EC0098BCAC /* Theme.h */,
				51ACFBB3202809270098BCAC /* Skins.h */,
			);
			path = Macros;
			sourceTree = "<group>";
		};
		51ACFBA32028067A0098BCAC /* Module */ = {
			isa = PBXGroup;
			children = (
				513886152056598100446703 /* ModuleManager.h */,
				513886162056598100446703 /* ModuleManager.m */,
				513886192056815B00446703 /* ModuleManager+mainTab.h */,
				5138861A2056815B00446703 /* ModuleManager+mainTab.m */,
				5172D86120415A3800E5E981 /* Adaptor */,
				5193F9382041055B003709BA /* Net */,
				51ACFBA8202806990098BCAC /* MainTab */,
			);
			path = Module;
			sourceTree = "<group>";
		};
		51ACFBA8202806990098BCAC /* MainTab */ = {
			isa = PBXGroup;
			children = (
				0156EAD92056AF5D001DB206 /* Actions */,
				0156EAD82056AF5D001DB206 /* View */,
				0156EADA2056AF5D001DB206 /* ViewModel */,
				0156EAD42056AF37001DB206 /* Controller */,
			);
			path = MainTab;
			sourceTree = "<group>";
		};
/* End PBXGroup section */

/* Begin PBXNativeTarget section */
		51ACFB5A2027FB390098BCAC /* test */ = {
			isa = PBXNativeTarget;
			buildConfigurationList = 51ACFB872027FB3A0098BCAC /* Build configuration list for PBXNativeTarget "test" */;
			buildPhases = (
				51ACFB572027FB390098BCAC /* Sources */,
				51ACFB582027FB390098BCAC /* Frameworks */,
				51ACFB592027FB390098BCAC /* Resources */,
			);
			buildRules = (
			);
			dependencies = (
			);
			name = test;
			productName = test;
			productReference = 51ACFB5B2027FB390098BCAC /* test.app */;
			productType = "com.apple.product-type.application";
		};
		51ACFB722027FB390098BCAC /* testTests */ = {
			isa = PBXNativeTarget;
			buildConfigurationList = 51ACFB8A2027FB3A0098BCAC /* Build configuration list for PBXNativeTarget "testTests" */;
			buildPhases = (
				51ACFB6F2027FB390098BCAC /* Sources */,
				51ACFB702027FB390098BCAC /* Frameworks */,
				51ACFB712027FB390098BCAC /* Resources */,
			);
			buildRules = (
			);
			dependencies = (
				51ACFB752027FB390098BCAC /* PBXTargetDependency */,
			);
			name = testTests;
			productName = testTests;
			productReference = 51ACFB732027FB390098BCAC /* testTests.xctest */;
			productType = "com.apple.product-type.bundle.unit-test";
		};
		51ACFB7D2027FB390098BCAC /* testUITests */ = {
			isa = PBXNativeTarget;
			buildConfigurationList = 51ACFB8D2027FB3A0098BCAC /* Build configuration list for PBXNativeTarget "testUITests" */;
			buildPhases = (
				51ACFB7A2027FB390098BCAC /* Sources */,
				51ACFB7B2027FB390098BCAC /* Frameworks */,
				51ACFB7C2027FB390098BCAC /* Resources */,
			);
			buildRules = (
			);
			dependencies = (
				51ACFB802027FB390098BCAC /* PBXTargetDependency */,
			);
			name = testUITests;
			productName = testUITests;
			productReference = 51ACFB7E2027FB390098BCAC /* testUITests.xctest */;
			productType = "com.apple.product-type.bundle.ui-testing";
		};
/* End PBXNativeTarget section */

/* Begin PBXProject section */
		51ACFB532027FB390098BCAC /* Project object */ = {
			isa = PBXProject;
			attributes = {
				LastUpgradeCheck = 0920;
				ORGANIZATIONNAME = frank;
				TargetAttributes = {
					51ACFB5A2027FB390098BCAC = {
						CreatedOnToolsVersion = 9.2;
						ProvisioningStyle = Automatic;
					};
					51ACFB722027FB390098BCAC = {
						CreatedOnToolsVersion = 9.2;
						ProvisioningStyle = Automatic;
						TestTargetID = 51ACFB5A2027FB390098BCAC;
					};
					51ACFB7D2027FB390098BCAC = {
						CreatedOnToolsVersion = 9.2;
						ProvisioningStyle = Automatic;
						TestTargetID = 51ACFB5A2027FB390098BCAC;
					};
				};
			};
			buildConfigurationList = 51ACFB562027FB390098BCAC /* Build configuration list for PBXProject "test" */;
			compatibilityVersion = "Xcode 8.0";
			developmentRegion = en;
			hasScannedForEncodings = 0;
			knownRegions = (
				en,
				Base,
			);
			mainGroup = 51ACFB522027FB390098BCAC;
			productRefGroup = 51ACFB5C2027FB390098BCAC /* Products */;
			projectDirPath = "";
			projectRoot = "";
			targets = (
				51ACFB5A2027FB390098BCAC /* test */,
				51ACFB722027FB390098BCAC /* testTests */,
				51ACFB7D2027FB390098BCAC /* testUITests */,
			);
		};
/* End PBXProject section */

/* Begin PBXResourcesBuildPhase section */
		51ACFB592027FB390098BCAC /* Resources */ = {
			isa = PBXResourcesBuildPhase;
			buildActionMask = 2147483647;
			files = (
				51ACFB6B2027FB390098BCAC /* LaunchScreen.storyboard in Resources */,
				51ACFB682027FB390098BCAC /* Assets.xcassets in Resources */,
			);
			runOnlyForDeploymentPostprocessing = 0;
		};
		51ACFB712027FB390098BCAC /* Resources */ = {
			isa = PBXResourcesBuildPhase;
			buildActionMask = 2147483647;
			files = (
			);
			runOnlyForDeploymentPostprocessing = 0;
		};
		51ACFB7C2027FB390098BCAC /* Resources */ = {
			isa = PBXResourcesBuildPhase;
			buildActionMask = 2147483647;
			files = (
			);
			runOnlyForDeploymentPostprocessing = 0;
		};
/* End PBXResourcesBuildPhase section */

/* Begin PBXSourcesBuildPhase section */
		51ACFB572027FB390098BCAC /* Sources */ = {
			isa = PBXSourcesBuildPhase;
			buildActionMask = 2147483647;
			files = (
				5138861220440CC100446703 /* NetManager.m in Sources */,
				5138862120592BC100446703 /* NSMutableDictionary+Hook.m in Sources */,
				51ACFB6E2027FB390098BCAC /* main.m in Sources */,
				51ACFBAE202806E60098BCAC /* UINavigationController+Hook.m in Sources */,
				5172D86920415B9900E5E981 /* OneAdaptor.m in Sources */,
				0156EADD2056AF86001DB206 /* Target_A.m in Sources */,
				5138861420440CC100446703 /* NetRequest.m in Sources */,
				0156EAD72056AF37001DB206 /* ViewController.m in Sources */,
				51ACFBB12028070E0098BCAC /* UITabBarController+Hook.m in Sources */,
				51ACFB602027FB390098BCAC /* AppDelegate.m in Sources */,
				51ACFBA0202805DE0098BCAC /* UIViewController+Hook.m in Sources */,
				513886172056598100446703 /* ModuleManager.m in Sources */,
				5138861B2056815B00446703 /* ModuleManager+mainTab.m in Sources */,
			);
			runOnlyForDeploymentPostprocessing = 0;
		};
		51ACFB6F2027FB390098BCAC /* Sources */ = {
			isa = PBXSourcesBuildPhase;
			buildActionMask = 2147483647;
			files = (
				51ACFB782027FB390098BCAC /* testTests.m in Sources */,
			);
			runOnlyForDeploymentPostprocessing = 0;
		};
		51ACFB7A2027FB390098BCAC /* Sources */ = {
			isa = PBXSourcesBuildPhase;
			buildActionMask = 2147483647;
			files = (
				51ACFB832027FB390098BCAC /* testUITests.m in Sources */,
			);
			runOnlyForDeploymentPostprocessing = 0;
		};
/* End PBXSourcesBuildPhase section */

/* Begin PBXTargetDependency section */
		51ACFB752027FB390098BCAC /* PBXTargetDependency */ = {
			isa = PBXTargetDependency;
			target = 51ACFB5A2027FB390098BCAC /* test */;
			targetProxy = 51ACFB742027FB390098BCAC /* PBXContainerItemProxy */;
		};
		51ACFB802027FB390098BCAC /* PBXTargetDependency */ = {
			isa = PBXTargetDependency;
			target = 51ACFB5A2027FB390098BCAC /* test */;
			targetProxy = 51ACFB7F2027FB390098BCAC /* PBXContainerItemProxy */;
		};
/* End PBXTargetDependency section */

/* Begin PBXVariantGroup section */
		51ACFB692027FB390098BCAC /* LaunchScreen.storyboard */ = {
			isa = PBXVariantGroup;
			children = (
				51ACFB6A2027FB390098BCAC /* Base */,
			);
			name = LaunchScreen.storyboard;
			sourceTree = "<group>";
		};
/* End PBXVariantGroup section */

/* Begin XCBuildConfiguration section */
		51ACFB852027FB3A0098BCAC /* Debug */ = {
			isa = XCBuildConfiguration;
			buildSettings = {
				ALWAYS_SEARCH_USER_PATHS = NO;
				CLANG_ANALYZER_NONNULL = YES;
				CLANG_ANALYZER_NUMBER_OBJECT_CONVERSION = YES_AGGRESSIVE;
				CLANG_CXX_LANGUAGE_STANDARD = "gnu++14";
				CLANG_CXX_LIBRARY = "libc++";
				CLANG_ENABLE_MODULES = YES;
				CLANG_ENABLE_OBJC_ARC = YES;
				CLANG_WARN_BLOCK_CAPTURE_AUTORELEASING = YES;
				CLANG_WARN_BOOL_CONVERSION = YES;
				CLANG_WARN_COMMA = YES;
				CLANG_WARN_CONSTANT_CONVERSION = YES;
				CLANG_WARN_DIRECT_OBJC_ISA_USAGE = YES_ERROR;
				CLANG_WARN_DOCUMENTATION_COMMENTS = YES;
				CLANG_WARN_EMPTY_BODY = YES;
				CLANG_WARN_ENUM_CONVERSION = YES;
				CLANG_WARN_INFINITE_RECURSION = YES;
				CLANG_WARN_INT_CONVERSION = YES;
				CLANG_WARN_NON_LITERAL_NULL_CONVERSION = YES;
				CLANG_WARN_OBJC_LITERAL_CONVERSION = YES;
				CLANG_WARN_OBJC_ROOT_CLASS = YES_ERROR;
				CLANG_WARN_RANGE_LOOP_ANALYSIS = YES;
				CLANG_WARN_STRICT_PROTOTYPES = YES;
				CLANG_WARN_SUSPICIOUS_MOVE = YES;
				CLANG_WARN_UNGUARDED_AVAILABILITY = YES_AGGRESSIVE;
				CLANG_WARN_UNREACHABLE_CODE = YES;
				CLANG_WARN__DUPLICATE_METHOD_MATCH = YES;
				CODE_SIGN_IDENTITY = "iPhone Developer";
				COPY_PHASE_STRIP = NO;
				DEBUG_INFORMATION_FORMAT = dwarf;
				ENABLE_STRICT_OBJC_MSGSEND = YES;
				ENABLE_TESTABILITY = YES;
				GCC_C_LANGUAGE_STANDARD = gnu11;
				GCC_DYNAMIC_NO_PIC = NO;
				GCC_NO_COMMON_BLOCKS = YES;
				GCC_OPTIMIZATION_LEVEL = 0;
				GCC_PREPROCESSOR_DEFINITIONS = (
					"DEBUG=1",
					"$(inherited)",
				);
				GCC_WARN_64_TO_32_BIT_CONVERSION = YES;
				GCC_WARN_ABOUT_RETURN_TYPE = YES_ERROR;
				GCC_WARN_UNDECLARED_SELECTOR = YES;
				GCC_WARN_UNINITIALIZED_AUTOS = YES_AGGRESSIVE;
				GCC_WARN_UNUSED_FUNCTION = YES;
				GCC_WARN_UNUSED_VARIABLE = YES;
				IPHONEOS_DEPLOYMENT_TARGET = 11.2;
				MTL_ENABLE_DEBUG_INFO = YES;
				ONLY_ACTIVE_ARCH = YES;
				SDKROOT = iphoneos;
			};
			name = Debug;
		};
		51ACFB862027FB3A0098BCAC /* Release */ = {
			isa = XCBuildConfiguration;
			buildSettings = {
				ALWAYS_SEARCH_USER_PATHS = NO;
				CLANG_ANALYZER_NONNULL = YES;
				CLANG_ANALYZER_NUMBER_OBJECT_CONVERSION = YES_AGGRESSIVE;
				CLANG_CXX_LANGUAGE_STANDARD = "gnu++14";
				CLANG_CXX_LIBRARY = "libc++";
				CLANG_ENABLE_MODULES = YES;
				CLANG_ENABLE_OBJC_ARC = YES;
				CLANG_WARN_BLOCK_CAPTURE_AUTORELEASING = YES;
				CLANG_WARN_BOOL_CONVERSION = YES;
				CLANG_WARN_COMMA = YES;
				CLANG_WARN_CONSTANT_CONVERSION = YES;
				CLANG_WARN_DIRECT_OBJC_ISA_USAGE = YES_ERROR;
				CLANG_WARN_DOCUMENTATION_COMMENTS = YES;
				CLANG_WARN_EMPTY_BODY = YES;
				CLANG_WARN_ENUM_CONVERSION = YES;
				CLANG_WARN_INFINITE_RECURSION = YES;
				CLANG_WARN_INT_CONVERSION = YES;
				CLANG_WARN_NON_LITERAL_NULL_CONVERSION = YES;
				CLANG_WARN_OBJC_LITERAL_CONVERSION = YES;
				CLANG_WARN_OBJC_ROOT_CLASS = YES_ERROR;
				CLANG_WARN_RANGE_LOOP_ANALYSIS = YES;
				CLANG_WARN_STRICT_PROTOTYPES = YES;
				CLANG_WARN_SUSPICIOUS_MOVE = YES;
				CLANG_WARN_UNGUARDED_AVAILABILITY = YES_AGGRESSIVE;
				CLANG_WARN_UNREACHABLE_CODE = YES;
				CLANG_WARN__DUPLICATE_METHOD_MATCH = YES;
				CODE_SIGN_IDENTITY = "iPhone Developer";
				COPY_PHASE_STRIP = NO;
				DEBUG_INFORMATION_FORMAT = "dwarf-with-dsym";
				ENABLE_NS_ASSERTIONS = NO;
				ENABLE_STRICT_OBJC_MSGSEND = YES;
				GCC_C_LANGUAGE_STANDARD = gnu11;
				GCC_NO_COMMON_BLOCKS = YES;
				GCC_WARN_64_TO_32_BIT_CONVERSION = YES;
				GCC_WARN_ABOUT_RETURN_TYPE = YES_ERROR;
				GCC_WARN_UNDECLARED_SELECTOR = YES;
				GCC_WARN_UNINITIALIZED_AUTOS = YES_AGGRESSIVE;
				GCC_WARN_UNUSED_FUNCTION = YES;
				GCC_WARN_UNUSED_VARIABLE = YES;
				IPHONEOS_DEPLOYMENT_TARGET = 11.2;
				MTL_ENABLE_DEBUG_INFO = NO;
				SDKROOT = iphoneos;
				VALIDATE_PRODUCT = YES;
			};
			name = Release;
		};
		51ACFB882027FB3A0098BCAC /* Debug */ = {
			isa = XCBuildConfiguration;
			buildSettings = {
				ASSETCATALOG_COMPILER_APPICON_NAME = AppIcon;
				CODE_SIGN_STYLE = Automatic;
				DEVELOPMENT_TEAM = EJ6QHVN5KX;
				GCC_PRECOMPILE_PREFIX_HEADER = YES;
				GCC_PREFIX_HEADER = test/PrefixHeader.pch;
				INFOPLIST_FILE = test/Info.plist;
				LD_RUNPATH_SEARCH_PATHS = "$(inherited) @executable_path/Frameworks";
				PRODUCT_BUNDLE_IDENTIFIER = com.free.test;
				PRODUCT_NAME = "$(TARGET_NAME)";
				TARGETED_DEVICE_FAMILY = "1,2";
			};
			name = Debug;
		};
		51ACFB892027FB3A0098BCAC /* Release */ = {
			isa = XCBuildConfiguration;
			buildSettings = {
				ASSETCATALOG_COMPILER_APPICON_NAME = AppIcon;
				CODE_SIGN_STYLE = Automatic;
				DEVELOPMENT_TEAM = EJ6QHVN5KX;
				GCC_PRECOMPILE_PREFIX_HEADER = YES;
				GCC_PREFIX_HEADER = test/PrefixHeader.pch;
				INFOPLIST_FILE = test/Info.plist;
				LD_RUNPATH_SEARCH_PATHS = "$(inherited) @executable_path/Frameworks";
				PRODUCT_BUNDLE_IDENTIFIER = com.free.test;
				PRODUCT_NAME = "$(TARGET_NAME)";
				TARGETED_DEVICE_FAMILY = "1,2";
			};
			name = Release;
		};
		51ACFB8B2027FB3A0098BCAC /* Debug */ = {
			isa = XCBuildConfiguration;
			buildSettings = {
				BUNDLE_LOADER = "$(TEST_HOST)";
				CODE_SIGN_STYLE = Automatic;
				DEVELOPMENT_TEAM = EJ6QHVN5KX;
				INFOPLIST_FILE = testTests/Info.plist;
				LD_RUNPATH_SEARCH_PATHS = "$(inherited) @executable_path/Frameworks @loader_path/Frameworks";
				PRODUCT_BUNDLE_IDENTIFIER = com.free.testTests;
				PRODUCT_NAME = "$(TARGET_NAME)";
				TARGETED_DEVICE_FAMILY = "1,2";
				TEST_HOST = "$(BUILT_PRODUCTS_DIR)/test.app/test";
			};
			name = Debug;
		};
		51ACFB8C2027FB3A0098BCAC /* Release */ = {
			isa = XCBuildConfiguration;
			buildSettings = {
				BUNDLE_LOADER = "$(TEST_HOST)";
				CODE_SIGN_STYLE = Automatic;
				DEVELOPMENT_TEAM = EJ6QHVN5KX;
				INFOPLIST_FILE = testTests/Info.plist;
				LD_RUNPATH_SEARCH_PATHS = "$(inherited) @executable_path/Frameworks @loader_path/Frameworks";
				PRODUCT_BUNDLE_IDENTIFIER = com.free.testTests;
				PRODUCT_NAME = "$(TARGET_NAME)";
				TARGETED_DEVICE_FAMILY = "1,2";
				TEST_HOST = "$(BUILT_PRODUCTS_DIR)/test.app/test";
			};
			name = Release;
		};
		51ACFB8E2027FB3A0098BCAC /* Debug */ = {
			isa = XCBuildConfiguration;
			buildSettings = {
				CODE_SIGN_STYLE = Automatic;
				DEVELOPMENT_TEAM = EJ6QHVN5KX;
				INFOPLIST_FILE = testUITests/Info.plist;
				LD_RUNPATH_SEARCH_PATHS = "$(inherited) @executable_path/Frameworks @loader_path/Frameworks";
				PRODUCT_BUNDLE_IDENTIFIER = com.free.testUITests;
				PRODUCT_NAME = "$(TARGET_NAME)";
				TARGETED_DEVICE_FAMILY = "1,2";
				TEST_TARGET_NAME = test;
			};
			name = Debug;
		};
		51ACFB8F2027FB3A0098BCAC /* Release */ = {
			isa = XCBuildConfiguration;
			buildSettings = {
				CODE_SIGN_STYLE = Automatic;
				DEVELOPMENT_TEAM = EJ6QHVN5KX;
				INFOPLIST_FILE = testUITests/Info.plist;
				LD_RUNPATH_SEARCH_PATHS = "$(inherited) @executable_path/Frameworks @loader_path/Frameworks";
				PRODUCT_BUNDLE_IDENTIFIER = com.free.testUITests;
				PRODUCT_NAME = "$(TARGET_NAME)";
				TARGETED_DEVICE_FAMILY = "1,2";
				TEST_TARGET_NAME = test;
			};
			name = Release;
		};
/* End XCBuildConfiguration section */

/* Begin XCConfigurationList section */
		51ACFB562027FB390098BCAC /* Build configuration list for PBXProject "test" */ = {
			isa = XCConfigurationList;
			buildConfigurations = (
				51ACFB852027FB3A0098BCAC /* Debug */,
				51ACFB862027FB3A0098BCAC /* Release */,
			);
			defaultConfigurationIsVisible = 0;
			defaultConfigurationName = Release;
		};
		51ACFB872027FB3A0098BCAC /* Build configuration list for PBXNativeTarget "test" */ = {
			isa = XCConfigurationList;
			buildConfigurations = (
				51ACFB882027FB3A0098BCAC /* Debug */,
				51ACFB892027FB3A0098BCAC /* Release */,
			);
			defaultConfigurationIsVisible = 0;
			defaultConfigurationName = Release;
		};
		51ACFB8A2027FB3A0098BCAC /* Build configuration list for PBXNativeTarget "testTests" */ = {
			isa = XCConfigurationList;
			buildConfigurations = (
				51ACFB8B2027FB3A0098BCAC /* Debug */,
				51ACFB8C2027FB3A0098BCAC /* Release */,
			);
			defaultConfigurationIsVisible = 0;
			defaultConfigurationName = Release;
		};
		51ACFB8D2027FB3A0098BCAC /* Build configuration list for PBXNativeTarget "testUITests" */ = {
			isa = XCConfigurationList;
			buildConfigurations = (
				51ACFB8E2027FB3A0098BCAC /* Debug */,
				51ACFB8F2027FB3A0098BCAC /* Release */,
			);
			defaultConfigurationIsVisible = 0;
			defaultConfigurationName = Release;
		};
/* End XCConfigurationList section */
	};
	rootObject = 51ACFB532027FB390098BCAC /* Project object */;
}
